
Microsoft Visual Studio Solution File, Format Version 12.00
# Visual Studio Version 17
VisualStudioVersion = 17.4.33205.214
MinimumVisualStudioVersion = 10.0.40219.1
Project("{FAE04EC0-301F-11D3-BF4B-00C04F79EFBC}") = "csharp", "csharp.csproj", "{6F5FCD3D-9653-4811-BBC0-ABB87671C23E}"
EndProject
Global
	GlobalSection(SolutionConfigurationPlatforms) = preSolution
		Debug|Any CPU = Debug|Any CPU
		Release|Any CPU = Release|Any CPU
	EndGlobalSection
	GlobalSection(ProjectConfigurationPlatforms) = postSolution
		{6F5FCD3D-9653-4811-BBC0-ABB87671C23E}.Debug|Any CPU.ActiveCfg = Debug|Any CPU
		{6F5FCD3D-9653-4811-BBC0-ABB87671C23E}.Debug|Any CPU.Build.0 = Debug|Any CPU
		{6F5FCD3D-9653-4811-BBC0-ABB87671C23E}.Release|Any CPU.ActiveCfg = Release|Any CPU
		{6F5FCD3D-9653-4811-BBC0-ABB87671C23E}.Release|Any CPU.Build.0 = Release|Any CPU
	EndGlobalSection
	GlobalSection(SolutionProperties) = preSolution
		HideSolutionNode = FALSE
	EndGlobalSection
	GlobalSection(ExtensibilityGlobals) = postSolution
		SolutionGuid = {8C7D3ECA-E996-4257-A72B-79633173D1FA}
	EndGlobalSection
EndGlobal
